
Microsoft Visual Studio Solution File, Format Version 12.00
# Visual Studio Version 17
VisualStudioVersion = 17.2.32630.192
MinimumVisualStudioVersion = 10.0.40219.1
Project("{2150E333-8FDC-42A3-9474-1A3956D46DE8}") = "Chapter1", "Chapter1", "{43336DC8-4C9E-4E76-959F-480F32606F96}"
EndProject
Project("{9A19103F-16F7-4668-BE54-9A1E7A4F7556}") = "ExerciseSeven", "ChapterOne\ExerciseSeven\ExerciseSeven.csproj", "{67F62D73-818F-4EF8-853A-E8BBDC4159B5}"
EndProject
Project("{2150E333-8FDC-42A3-9474-1A3956D46DE8}") = "Chapter2", "Chapter2", "{902524AD-7C4D-46E4-95F2-8F5D805AF9DA}"
	ProjectSection(SolutionItems) = preProject
		ChapterTwo\Example1\ConsoleApp1Chapter2\Program.cs = ChapterTwo\Example1\ConsoleApp1Chapter2\Program.cs
	EndProjectSection
EndProject
Project("{9A19103F-16F7-4668-BE54-9A1E7A4F7556}") = "Example", "..\Nakov Exercises\ConsoleApp1Chapter2\ConsoleApp1Chapter2\Example.csproj", "{8B5B5B7E-869F-466F-AB18-B0F0E3BE69EB}"
EndProject
Project("{9A19103F-16F7-4668-BE54-9A1E7A4F7556}") = "Example1", "Example1\Example1.csproj", "{C9A8F857-A8AB-4411-855D-DF23F16ABC74}"
EndProject
Project("{FAE04EC0-301F-11D3-BF4B-00C04F79EFBC}") = "Exercise1to3", "Exercise1to3\Exercise1to3.csproj", "{AD763220-BA44-4251-96CC-85D99121D501}"
EndProject
Project("{FAE04EC0-301F-11D3-BF4B-00C04F79EFBC}") = "Exercise4-6", "Exercise4-6\Exercise4-6.csproj", "{96D08835-5FC2-48C0-8FBC-B76F2966CC4E}"
EndProject
Project("{2150E333-8FDC-42A3-9474-1A3956D46DE8}") = "Chapter3", "Chapter3", "{0ECD2730-2934-4082-AC78-76116637D24C}"
EndProject
Project("{9A19103F-16F7-4668-BE54-9A1E7A4F7556}") = "Excercise7-13", "Excercise7-13\Excercise7-13.csproj", "{87684408-344E-4F7F-B8A8-86D185DBB6DD}"
EndProject
Project("{9A19103F-16F7-4668-BE54-9A1E7A4F7556}") = "Example3.1", "Example3.1\Example3.1.csproj", "{52FD8B0B-FEE0-47D9-9F68-023527A5C7E7}"
EndProject
Project("{9A19103F-16F7-4668-BE54-9A1E7A4F7556}") = "Exercise3.1-4", "Exercise3.1-4\Exercise3.1-4.csproj", "{E8C13CC9-6171-4C73-8E62-B073F97C4C58}"
EndProject
Project("{9A19103F-16F7-4668-BE54-9A1E7A4F7556}") = "Exercise3.11", "Exercise3.11\Exercise3.11.csproj", "{449CAF10-2855-42D3-9AA7-096EC002FC1D}"
EndProject
Project("{9A19103F-16F7-4668-BE54-9A1E7A4F7556}") = "Exercise3.7", "Exercise3.12\Exercise3.7.csproj", "{4B6C9F83-E232-4C7D-BC46-FF57FE9D4835}"
EndProject
Project("{9A19103F-16F7-4668-BE54-9A1E7A4F7556}") = "Exercise3.8", "Exercise3.8\Exercise3.8.csproj", "{A6510304-A6EB-4E79-B8B3-156210D9B981}"
EndProject
Project("{9A19103F-16F7-4668-BE54-9A1E7A4F7556}") = "Exercise3.9", "ConsoleApp1\Exercise3.9.csproj", "{DF2DC947-71E9-4726-AEEB-8E45083CB90A}"
EndProject
Project("{9A19103F-16F7-4668-BE54-9A1E7A4F7556}") = "Exercise3.14", "Exercise3.14\Exercise3.14.csproj", "{B62505FB-0218-4F60-93DB-EE108DD52817}"
EndProject
Project("{2150E333-8FDC-42A3-9474-1A3956D46DE8}") = "Chapter4", "Chapter4", "{AF3FB5E0-FF18-44F5-B5D9-114A140D4781}"
EndProject
Project("{9A19103F-16F7-4668-BE54-9A1E7A4F7556}") = "Exercise4.1", "Exercise4.1\Exercise4.1.csproj", "{D045CEA1-F330-4247-B936-CF0804B3798C}"
EndProject
Project("{9A19103F-16F7-4668-BE54-9A1E7A4F7556}") = "Exercise4.2", "Exercise4.2\Exercise4.2.csproj", "{EB4A1A14-6D28-404C-B059-1CE70E5BCE8B}"
EndProject
Project("{9A19103F-16F7-4668-BE54-9A1E7A4F7556}") = "Exercise4.3", "Exercise4.3\Exercise4.3.csproj", "{426D79E7-66B5-4F49-B977-3F23851EA7D1}"
EndProject
Project("{9A19103F-16F7-4668-BE54-9A1E7A4F7556}") = "Exercise4.4", "Exercise4.4\Exercise4.4.csproj", "{A0A10A4F-030C-4840-AF5A-F18419C9360B}"
EndProject
Project("{9A19103F-16F7-4668-BE54-9A1E7A4F7556}") = "Exercise4.5", "Exercise4.5\Exercise4.5.csproj", "{D69B2316-1C39-4D09-AC48-5008CD400BF6}"
EndProject
Project("{9A19103F-16F7-4668-BE54-9A1E7A4F7556}") = "Exercise4.6", "Exercise4.6\Exercise4.6.csproj", "{3AE1C758-07E5-4863-93AE-70E329A88C18}"
EndProject
Project("{9A19103F-16F7-4668-BE54-9A1E7A4F7556}") = "Exercise4.7", "Exercise4.7\Exercise4.7.csproj", "{FFC9DE1F-9D8F-4942-BC92-BB3ED392982D}"
EndProject
Project("{9A19103F-16F7-4668-BE54-9A1E7A4F7556}") = "Exercise4.8", "Exercise4.8\Exercise4.8.csproj", "{15601245-4C18-47FD-BA4E-791F5F7DA700}"
EndProject
Project("{9A19103F-16F7-4668-BE54-9A1E7A4F7556}") = "Exercise4.11", "Exercise4.11\Exercise4.11.csproj", "{5FE0ADC9-EDA3-430B-A59F-57A1DF659B14}"
EndProject
Project("{9A19103F-16F7-4668-BE54-9A1E7A4F7556}") = "Exercise4.12", "Exercise4.12\Exercise4.12.csproj", "{E6CAEFCD-F691-4C0C-8BF6-AB8901ADCAAD}"
EndProject
Project("{9A19103F-16F7-4668-BE54-9A1E7A4F7556}") = "Exercise4.10", "Exercise4.10\Exercise4.10.csproj", "{0FB3B00A-9F8C-4F98-9BF1-06CFCAB1EB1D}"
EndProject
Project("{2150E333-8FDC-42A3-9474-1A3956D46DE8}") = "Chapter5", "Chapter5", "{4EBDC0CE-4958-41F8-92FF-B8406B0B3A3E}"
EndProject
Project("{9A19103F-16F7-4668-BE54-9A1E7A4F7556}") = "Exercise5.1", "Exercise5.1\Exercise5.1.csproj", "{0C5722DC-57B1-480E-9838-3F1E67498791}"
EndProject
Project("{9A19103F-16F7-4668-BE54-9A1E7A4F7556}") = "Exercise5.2", "Exercise5.2\Exercise5.2.csproj", "{1415D9DB-0DB5-4D45-942B-853CCE5F6044}"
EndProject
Project("{9A19103F-16F7-4668-BE54-9A1E7A4F7556}") = "Exercise5.3", "Exercise5.3\Exercise5.3.csproj", "{307E1CD1-9465-49E8-8BEC-B7779A642A60}"
EndProject
Project("{9A19103F-16F7-4668-BE54-9A1E7A4F7556}") = "Exercise5.4", "Exercise5.4\Exercise5.4.csproj", "{D04DC3F1-4B5D-4A33-A92F-8E834AE0F247}"
EndProject
Project("{9A19103F-16F7-4668-BE54-9A1E7A4F7556}") = "Exercise5.5", "Exercise5.5\Exercise5.5.csproj", "{6B1EF9B8-CA60-46CF-BA6F-7C03C1CBF422}"
EndProject
Project("{9A19103F-16F7-4668-BE54-9A1E7A4F7556}") = "Exercise5.6", "Exercise5.6\Exercise5.6.csproj", "{F55CEAE6-A0FF-401B-9574-C2C8D965A37D}"
EndProject
Project("{9A19103F-16F7-4668-BE54-9A1E7A4F7556}") = "Exercise5.7", "Exercise5.7\Exercise5.7.csproj", "{BB2D5A8C-BFD1-496E-A5EB-55825744D67D}"
EndProject
Project("{9A19103F-16F7-4668-BE54-9A1E7A4F7556}") = "Exercise5.8", "Exercise5.8\Exercise5.8.csproj", "{5743821B-2C32-4149-A01A-655908D22A0F}"
EndProject
Project("{9A19103F-16F7-4668-BE54-9A1E7A4F7556}") = "Exercise5.9", "Exercise5.9\Exercise5.9.csproj", "{D1649CDB-B321-4577-BBF7-99F6E08B3604}"
EndProject
Project("{9A19103F-16F7-4668-BE54-9A1E7A4F7556}") = "Exercise5.10", "Exercise5.10\Exercise5.10.csproj", "{FEDA9747-DC91-4BB1-9BDA-E5AA1C302A85}"
EndProject
Project("{9A19103F-16F7-4668-BE54-9A1E7A4F7556}") = "Exercise5.11", "Exercise5.11\Exercise5.11.csproj", "{33506D31-C52D-46E6-B396-F596B81DA862}"
EndProject
Project("{2150E333-8FDC-42A3-9474-1A3956D46DE8}") = "Chapter6", "Chapter6", "{3C4FE439-E29B-4B58-B82B-6F3811EF2651}"
EndProject
Project("{9A19103F-16F7-4668-BE54-9A1E7A4F7556}") = "Exercise6.1", "Exercise6.1\Exercise6.1.csproj", "{F78306B4-11CC-4347-B26A-29C9057F7F5A}"
EndProject
Project("{9A19103F-16F7-4668-BE54-9A1E7A4F7556}") = "Exercise6.2", "Exercise6.2\Exercise6.2.csproj", "{A16ADB5F-4DAE-4F9A-A8A0-699E67592275}"
EndProject
Project("{9A19103F-16F7-4668-BE54-9A1E7A4F7556}") = "Exercise6.3", "Exercise6.3\Exercise6.3.csproj", "{DB4833F3-514E-43F3-914B-26D01720EF24}"
EndProject
Project("{9A19103F-16F7-4668-BE54-9A1E7A4F7556}") = "Exercise6.4", "Exercise6.4\Exercise6.4.csproj", "{EAC76BF7-6B68-4A51-9FFE-5DF73DEE4307}"
EndProject
Project("{9A19103F-16F7-4668-BE54-9A1E7A4F7556}") = "Exercise6.5", "Exercise6.5\Exercise6.5.csproj", "{E3B6574B-4445-42D1-BF2F-3D66EF186E82}"
EndProject
Project("{9A19103F-16F7-4668-BE54-9A1E7A4F7556}") = "Exercise6.6", "Exercise6.6\Exercise6.6.csproj", "{253C44B2-F882-4088-9133-78227842F159}"
EndProject
Project("{9A19103F-16F7-4668-BE54-9A1E7A4F7556}") = "Exercise6.7", "Exercise6.7\Exercise6.7.csproj", "{B2585136-E476-4E12-B900-BA1A4F47C558}"
EndProject
Project("{9A19103F-16F7-4668-BE54-9A1E7A4F7556}") = "Exercise6.8", "Exercise6.8\Exercise6.8.csproj", "{AA597E3E-CA6D-49D0-BC91-2D69BE898D2F}"
EndProject
Project("{9A19103F-16F7-4668-BE54-9A1E7A4F7556}") = "Exercise6.9", "Exercise6.9\Exercise6.9.csproj", "{A84F7BFE-2981-4304-8C8D-5F0A875B098C}"
EndProject
Project("{9A19103F-16F7-4668-BE54-9A1E7A4F7556}") = "Exercise6.11", "Exercise6.11\Exercise6.11.csproj", "{F00A0E11-EEC3-4F95-A7A9-2910C70C2655}"
EndProject
Project("{9A19103F-16F7-4668-BE54-9A1E7A4F7556}") = "Exercise6.10", "Exercise6.10\Exercise6.10.csproj", "{052FB5E0-3064-4CCE-A7A1-7BA21248E55C}"
EndProject
Project("{9A19103F-16F7-4668-BE54-9A1E7A4F7556}") = "Exercise6.12", "Exercise6.12\Exercise6.12.csproj", "{16C7DC39-B7B4-4C8A-91B5-2DAD8085E9AF}"
EndProject
Project("{9A19103F-16F7-4668-BE54-9A1E7A4F7556}") = "Exercise6.13", "Exercise6.13\Exercise6.13.csproj", "{BF502AA0-8677-4516-B419-2AB02535D289}"
EndProject
Project("{9A19103F-16F7-4668-BE54-9A1E7A4F7556}") = "Exercise6.14", "Exercise6.14\Exercise6.14.csproj", "{169E53B9-B552-49E9-B576-7305C1B1EA63}"
EndProject
Project("{9A19103F-16F7-4668-BE54-9A1E7A4F7556}") = "Exercise6.16", "Exercise6.16\Exercise6.16.csproj", "{CE3D9228-6CFE-465E-85D7-F62231D397E4}"
EndProject
Project("{2150E333-8FDC-42A3-9474-1A3956D46DE8}") = "Chapter7", "Chapter7", "{69ECB31C-2BA8-42CA-A6C7-7A28FDF5FAC8}"
EndProject
Project("{9A19103F-16F7-4668-BE54-9A1E7A4F7556}") = "Exercise1", "Exercise1\Exercise1.csproj", "{B1A057D5-2D65-4F29-BCA0-CDCF557EE8C4}"
EndProject
Project("{9A19103F-16F7-4668-BE54-9A1E7A4F7556}") = "Exercise2", "Exercise2\Exercise2.csproj", "{4E2C6551-92C7-412F-AAD4-AF9820F90FFF}"
EndProject
Project("{9A19103F-16F7-4668-BE54-9A1E7A4F7556}") = "Exercise3", "Exercise3\Exercise3.csproj", "{2AFDBDBA-1AA7-4847-B7AC-14C9C8A6E00D}"
EndProject
Project("{2150E333-8FDC-42A3-9474-1A3956D46DE8}") = "Test", "Test", "{8E43A0A9-FE65-439A-8BE5-D55DC3A00716}"
EndProject
Project("{9A19103F-16F7-4668-BE54-9A1E7A4F7556}") = "number2", "number2\number2.csproj", "{FD1B3A4D-7699-420A-BCF6-67D315EDC439}"
EndProject
Project("{9A19103F-16F7-4668-BE54-9A1E7A4F7556}") = "Number3", "Number3\Number3.csproj", "{6E627206-84B6-4D61-B78D-B579E28EB156}"
EndProject
Project("{9A19103F-16F7-4668-BE54-9A1E7A4F7556}") = "Number4", "Number4\Number4.csproj", "{AAFFB5D0-55BC-47C1-B3D4-0FD46A7B9C96}"
EndProject
Project("{9A19103F-16F7-4668-BE54-9A1E7A4F7556}") = "number5", "number5\number5.csproj", "{282156A9-BD50-4F33-AF5E-9F155FE3B1D1}"
EndProject
Project("{9A19103F-16F7-4668-BE54-9A1E7A4F7556}") = "Number6", "Number6\Number6.csproj", "{3C5DEED3-A18E-4036-9DC3-9708AA16BF36}"
EndProject
Project("{9A19103F-16F7-4668-BE54-9A1E7A4F7556}") = "Number10", "Number10\Number10.csproj", "{30B22302-6BAB-4B42-AAB8-814851CB85CE}"
EndProject
Project("{9A19103F-16F7-4668-BE54-9A1E7A4F7556}") = "Number9", "Number9\Number9.csproj", "{4353D120-E5D9-49C1-9974-3912997C086F}"
EndProject
Project("{9A19103F-16F7-4668-BE54-9A1E7A4F7556}") = "Number11", "Number11\Number11.csproj", "{39BCCA54-94B2-4E35-8480-A67720C252A7}"
EndProject
Project("{9A19103F-16F7-4668-BE54-9A1E7A4F7556}") = "Test", "Test\Test.csproj", "{B871A4E6-4013-4F66-8F04-E2FDDB673952}"
EndProject
Project("{9A19103F-16F7-4668-BE54-9A1E7A4F7556}") = "Number7", "Number7\Number7.csproj", "{27A55359-9484-4D4F-B52E-B9FEC4EB90A4}"
EndProject
Project("{FAE04EC0-301F-11D3-BF4B-00C04F79EFBC}") = "Exercise4", "Chapter7\Exercise4\Exercise4.csproj", "{7CDD244D-CA3D-4EEB-93DF-30D87BF00A8C}"
EndProject
Global
	GlobalSection(SolutionConfigurationPlatforms) = preSolution
		Debug|Any CPU = Debug|Any CPU
		Release|Any CPU = Release|Any CPU
	EndGlobalSection
	GlobalSection(ProjectConfigurationPlatforms) = postSolution
		{67F62D73-818F-4EF8-853A-E8BBDC4159B5}.Debug|Any CPU.ActiveCfg = Debug|Any CPU
		{67F62D73-818F-4EF8-853A-E8BBDC4159B5}.Debug|Any CPU.Build.0 = Debug|Any CPU
		{67F62D73-818F-4EF8-853A-E8BBDC4159B5}.Release|Any CPU.ActiveCfg = Release|Any CPU
		{67F62D73-818F-4EF8-853A-E8BBDC4159B5}.Release|Any CPU.Build.0 = Release|Any CPU
		{8B5B5B7E-869F-466F-AB18-B0F0E3BE69EB}.Debug|Any CPU.ActiveCfg = Debug|Any CPU
		{8B5B5B7E-869F-466F-AB18-B0F0E3BE69EB}.Debug|Any CPU.Build.0 = Debug|Any CPU
		{8B5B5B7E-869F-466F-AB18-B0F0E3BE69EB}.Release|Any CPU.ActiveCfg = Release|Any CPU
		{8B5B5B7E-869F-466F-AB18-B0F0E3BE69EB}.Release|Any CPU.Build.0 = Release|Any CPU
		{C9A8F857-A8AB-4411-855D-DF23F16ABC74}.Debug|Any CPU.ActiveCfg = Debug|Any CPU
		{C9A8F857-A8AB-4411-855D-DF23F16ABC74}.Debug|Any CPU.Build.0 = Debug|Any CPU
		{C9A8F857-A8AB-4411-855D-DF23F16ABC74}.Release|Any CPU.ActiveCfg = Release|Any CPU
		{C9A8F857-A8AB-4411-855D-DF23F16ABC74}.Release|Any CPU.Build.0 = Release|Any CPU
		{AD763220-BA44-4251-96CC-85D99121D501}.Debug|Any CPU.ActiveCfg = Debug|Any CPU
		{AD763220-BA44-4251-96CC-85D99121D501}.Debug|Any CPU.Build.0 = Debug|Any CPU
		{AD763220-BA44-4251-96CC-85D99121D501}.Release|Any CPU.ActiveCfg = Release|Any CPU
		{AD763220-BA44-4251-96CC-85D99121D501}.Release|Any CPU.Build.0 = Release|Any CPU
		{96D08835-5FC2-48C0-8FBC-B76F2966CC4E}.Debug|Any CPU.ActiveCfg = Debug|Any CPU
		{96D08835-5FC2-48C0-8FBC-B76F2966CC4E}.Debug|Any CPU.Build.0 = Debug|Any CPU
		{96D08835-5FC2-48C0-8FBC-B76F2966CC4E}.Release|Any CPU.ActiveCfg = Release|Any CPU
		{96D08835-5FC2-48C0-8FBC-B76F2966CC4E}.Release|Any CPU.Build.0 = Release|Any CPU
		{87684408-344E-4F7F-B8A8-86D185DBB6DD}.Debug|Any CPU.ActiveCfg = Debug|Any CPU
		{87684408-344E-4F7F-B8A8-86D185DBB6DD}.Debug|Any CPU.Build.0 = Debug|Any CPU
		{87684408-344E-4F7F-B8A8-86D185DBB6DD}.Release|Any CPU.ActiveCfg = Release|Any CPU
		{87684408-344E-4F7F-B8A8-86D185DBB6DD}.Release|Any CPU.Build.0 = Release|Any CPU
		{52FD8B0B-FEE0-47D9-9F68-023527A5C7E7}.Debug|Any CPU.ActiveCfg = Debug|Any CPU
		{52FD8B0B-FEE0-47D9-9F68-023527A5C7E7}.Debug|Any CPU.Build.0 = Debug|Any CPU
		{52FD8B0B-FEE0-47D9-9F68-023527A5C7E7}.Release|Any CPU.ActiveCfg = Release|Any CPU
		{52FD8B0B-FEE0-47D9-9F68-023527A5C7E7}.Release|Any CPU.Build.0 = Release|Any CPU
		{E8C13CC9-6171-4C73-8E62-B073F97C4C58}.Debug|Any CPU.ActiveCfg = Debug|Any CPU
		{E8C13CC9-6171-4C73-8E62-B073F97C4C58}.Debug|Any CPU.Build.0 = Debug|Any CPU
		{E8C13CC9-6171-4C73-8E62-B073F97C4C58}.Release|Any CPU.ActiveCfg = Release|Any CPU
		{E8C13CC9-6171-4C73-8E62-B073F97C4C58}.Release|Any CPU.Build.0 = Release|Any CPU
		{449CAF10-2855-42D3-9AA7-096EC002FC1D}.Debug|Any CPU.ActiveCfg = Debug|Any CPU
		{449CAF10-2855-42D3-9AA7-096EC002FC1D}.Debug|Any CPU.Build.0 = Debug|Any CPU
		{449CAF10-2855-42D3-9AA7-096EC002FC1D}.Release|Any CPU.ActiveCfg = Release|Any CPU
		{449CAF10-2855-42D3-9AA7-096EC002FC1D}.Release|Any CPU.Build.0 = Release|Any CPU
		{4B6C9F83-E232-4C7D-BC46-FF57FE9D4835}.Debug|Any CPU.ActiveCfg = Debug|Any CPU
		{4B6C9F83-E232-4C7D-BC46-FF57FE9D4835}.Debug|Any CPU.Build.0 = Debug|Any CPU
		{4B6C9F83-E232-4C7D-BC46-FF57FE9D4835}.Release|Any CPU.ActiveCfg = Release|Any CPU
		{4B6C9F83-E232-4C7D-BC46-FF57FE9D4835}.Release|Any CPU.Build.0 = Release|Any CPU
		{A6510304-A6EB-4E79-B8B3-156210D9B981}.Debug|Any CPU.ActiveCfg = Debug|Any CPU
		{A6510304-A6EB-4E79-B8B3-156210D9B981}.Debug|Any CPU.Build.0 = Debug|Any CPU
		{A6510304-A6EB-4E79-B8B3-156210D9B981}.Release|Any CPU.ActiveCfg = Release|Any CPU
		{A6510304-A6EB-4E79-B8B3-156210D9B981}.Release|Any CPU.Build.0 = Release|Any CPU
		{DF2DC947-71E9-4726-AEEB-8E45083CB90A}.Debug|Any CPU.ActiveCfg = Debug|Any CPU
		{DF2DC947-71E9-4726-AEEB-8E45083CB90A}.Debug|Any CPU.Build.0 = Debug|Any CPU
		{DF2DC947-71E9-4726-AEEB-8E45083CB90A}.Release|Any CPU.ActiveCfg = Release|Any CPU
		{DF2DC947-71E9-4726-AEEB-8E45083CB90A}.Release|Any CPU.Build.0 = Release|Any CPU
		{B62505FB-0218-4F60-93DB-EE108DD52817}.Debug|Any CPU.ActiveCfg = Debug|Any CPU
		{B62505FB-0218-4F60-93DB-EE108DD52817}.Debug|Any CPU.Build.0 = Debug|Any CPU
		{B62505FB-0218-4F60-93DB-EE108DD52817}.Release|Any CPU.ActiveCfg = Release|Any CPU
		{B62505FB-0218-4F60-93DB-EE108DD52817}.Release|Any CPU.Build.0 = Release|Any CPU
		{D045CEA1-F330-4247-B936-CF0804B3798C}.Debug|Any CPU.ActiveCfg = Debug|Any CPU
		{D045CEA1-F330-4247-B936-CF0804B3798C}.Debug|Any CPU.Build.0 = Debug|Any CPU
		{D045CEA1-F330-4247-B936-CF0804B3798C}.Release|Any CPU.ActiveCfg = Release|Any CPU
		{D045CEA1-F330-4247-B936-CF0804B3798C}.Release|Any CPU.Build.0 = Release|Any CPU
		{EB4A1A14-6D28-404C-B059-1CE70E5BCE8B}.Debug|Any CPU.ActiveCfg = Debug|Any CPU
		{EB4A1A14-6D28-404C-B059-1CE70E5BCE8B}.Debug|Any CPU.Build.0 = Debug|Any CPU
		{EB4A1A14-6D28-404C-B059-1CE70E5BCE8B}.Release|Any CPU.ActiveCfg = Release|Any CPU
		{EB4A1A14-6D28-404C-B059-1CE70E5BCE8B}.Release|Any CPU.Build.0 = Release|Any CPU
		{426D79E7-66B5-4F49-B977-3F23851EA7D1}.Debug|Any CPU.ActiveCfg = Debug|Any CPU
		{426D79E7-66B5-4F49-B977-3F23851EA7D1}.Debug|Any CPU.Build.0 = Debug|Any CPU
		{426D79E7-66B5-4F49-B977-3F23851EA7D1}.Release|Any CPU.ActiveCfg = Release|Any CPU
		{426D79E7-66B5-4F49-B977-3F23851EA7D1}.Release|Any CPU.Build.0 = Release|Any CPU
		{A0A10A4F-030C-4840-AF5A-F18419C9360B}.Debug|Any CPU.ActiveCfg = Debug|Any CPU
		{A0A10A4F-030C-4840-AF5A-F18419C9360B}.Debug|Any CPU.Build.0 = Debug|Any CPU
		{A0A10A4F-030C-4840-AF5A-F18419C9360B}.Release|Any CPU.ActiveCfg = Release|Any CPU
		{A0A10A4F-030C-4840-AF5A-F18419C9360B}.Release|Any CPU.Build.0 = Release|Any CPU
		{D69B2316-1C39-4D09-AC48-5008CD400BF6}.Debug|Any CPU.ActiveCfg = Debug|Any CPU
		{D69B2316-1C39-4D09-AC48-5008CD400BF6}.Debug|Any CPU.Build.0 = Debug|Any CPU
		{D69B2316-1C39-4D09-AC48-5008CD400BF6}.Release|Any CPU.ActiveCfg = Release|Any CPU
		{D69B2316-1C39-4D09-AC48-5008CD400BF6}.Release|Any CPU.Build.0 = Release|Any CPU
		{3AE1C758-07E5-4863-93AE-70E329A88C18}.Debug|Any CPU.ActiveCfg = Debug|Any CPU
		{3AE1C758-07E5-4863-93AE-70E329A88C18}.Debug|Any CPU.Build.0 = Debug|Any CPU
		{3AE1C758-07E5-4863-93AE-70E329A88C18}.Release|Any CPU.ActiveCfg = Release|Any CPU
		{3AE1C758-07E5-4863-93AE-70E329A88C18}.Release|Any CPU.Build.0 = Release|Any CPU
		{FFC9DE1F-9D8F-4942-BC92-BB3ED392982D}.Debug|Any CPU.ActiveCfg = Debug|Any CPU
		{FFC9DE1F-9D8F-4942-BC92-BB3ED392982D}.Debug|Any CPU.Build.0 = Debug|Any CPU
		{FFC9DE1F-9D8F-4942-BC92-BB3ED392982D}.Release|Any CPU.ActiveCfg = Release|Any CPU
		{FFC9DE1F-9D8F-4942-BC92-BB3ED392982D}.Release|Any CPU.Build.0 = Release|Any CPU
		{15601245-4C18-47FD-BA4E-791F5F7DA700}.Debug|Any CPU.ActiveCfg = Debug|Any CPU
		{15601245-4C18-47FD-BA4E-791F5F7DA700}.Debug|Any CPU.Build.0 = Debug|Any CPU
		{15601245-4C18-47FD-BA4E-791F5F7DA700}.Release|Any CPU.ActiveCfg = Release|Any CPU
		{15601245-4C18-47FD-BA4E-791F5F7DA700}.Release|Any CPU.Build.0 = Release|Any CPU
		{5FE0ADC9-EDA3-430B-A59F-57A1DF659B14}.Debug|Any CPU.ActiveCfg = Debug|Any CPU
		{5FE0ADC9-EDA3-430B-A59F-57A1DF659B14}.Debug|Any CPU.Build.0 = Debug|Any CPU
		{5FE0ADC9-EDA3-430B-A59F-57A1DF659B14}.Release|Any CPU.ActiveCfg = Release|Any CPU
		{5FE0ADC9-EDA3-430B-A59F-57A1DF659B14}.Release|Any CPU.Build.0 = Release|Any CPU
		{E6CAEFCD-F691-4C0C-8BF6-AB8901ADCAAD}.Debug|Any CPU.ActiveCfg = Debug|Any CPU
		{E6CAEFCD-F691-4C0C-8BF6-AB8901ADCAAD}.Debug|Any CPU.Build.0 = Debug|Any CPU
		{E6CAEFCD-F691-4C0C-8BF6-AB8901ADCAAD}.Release|Any CPU.ActiveCfg = Release|Any CPU
		{E6CAEFCD-F691-4C0C-8BF6-AB8901ADCAAD}.Release|Any CPU.Build.0 = Release|Any CPU
		{0FB3B00A-9F8C-4F98-9BF1-06CFCAB1EB1D}.Debug|Any CPU.ActiveCfg = Debug|Any CPU
		{0FB3B00A-9F8C-4F98-9BF1-06CFCAB1EB1D}.Debug|Any CPU.Build.0 = Debug|Any CPU
		{0FB3B00A-9F8C-4F98-9BF1-06CFCAB1EB1D}.Release|Any CPU.ActiveCfg = Release|Any CPU
		{0FB3B00A-9F8C-4F98-9BF1-06CFCAB1EB1D}.Release|Any CPU.Build.0 = Release|Any CPU
		{0C5722DC-57B1-480E-9838-3F1E67498791}.Debug|Any CPU.ActiveCfg = Debug|Any CPU
		{0C5722DC-57B1-480E-9838-3F1E67498791}.Debug|Any CPU.Build.0 = Debug|Any CPU
		{0C5722DC-57B1-480E-9838-3F1E67498791}.Release|Any CPU.ActiveCfg = Release|Any CPU
		{0C5722DC-57B1-480E-9838-3F1E67498791}.Release|Any CPU.Build.0 = Release|Any CPU
		{1415D9DB-0DB5-4D45-942B-853CCE5F6044}.Debug|Any CPU.ActiveCfg = Debug|Any CPU
		{1415D9DB-0DB5-4D45-942B-853CCE5F6044}.Debug|Any CPU.Build.0 = Debug|Any CPU
		{1415D9DB-0DB5-4D45-942B-853CCE5F6044}.Release|Any CPU.ActiveCfg = Release|Any CPU
		{1415D9DB-0DB5-4D45-942B-853CCE5F6044}.Release|Any CPU.Build.0 = Release|Any CPU
		{307E1CD1-9465-49E8-8BEC-B7779A642A60}.Debug|Any CPU.ActiveCfg = Debug|Any CPU
		{307E1CD1-9465-49E8-8BEC-B7779A642A60}.Debug|Any CPU.Build.0 = Debug|Any CPU
		{307E1CD1-9465-49E8-8BEC-B7779A642A60}.Release|Any CPU.ActiveCfg = Release|Any CPU
		{307E1CD1-9465-49E8-8BEC-B7779A642A60}.Release|Any CPU.Build.0 = Release|Any CPU
		{D04DC3F1-4B5D-4A33-A92F-8E834AE0F247}.Debug|Any CPU.ActiveCfg = Debug|Any CPU
		{D04DC3F1-4B5D-4A33-A92F-8E834AE0F247}.Debug|Any CPU.Build.0 = Debug|Any CPU
		{D04DC3F1-4B5D-4A33-A92F-8E834AE0F247}.Release|Any CPU.ActiveCfg = Release|Any CPU
		{D04DC3F1-4B5D-4A33-A92F-8E834AE0F247}.Release|Any CPU.Build.0 = Release|Any CPU
		{6B1EF9B8-CA60-46CF-BA6F-7C03C1CBF422}.Debug|Any CPU.ActiveCfg = Debug|Any CPU
		{6B1EF9B8-CA60-46CF-BA6F-7C03C1CBF422}.Debug|Any CPU.Build.0 = Debug|Any CPU
		{6B1EF9B8-CA60-46CF-BA6F-7C03C1CBF422}.Release|Any CPU.ActiveCfg = Release|Any CPU
		{6B1EF9B8-CA60-46CF-BA6F-7C03C1CBF422}.Release|Any CPU.Build.0 = Release|Any CPU
		{F55CEAE6-A0FF-401B-9574-C2C8D965A37D}.Debug|Any CPU.ActiveCfg = Debug|Any CPU
		{F55CEAE6-A0FF-401B-9574-C2C8D965A37D}.Debug|Any CPU.Build.0 = Debug|Any CPU
		{F55CEAE6-A0FF-401B-9574-C2C8D965A37D}.Release|Any CPU.ActiveCfg = Release|Any CPU
		{F55CEAE6-A0FF-401B-9574-C2C8D965A37D}.Release|Any CPU.Build.0 = Release|Any CPU
		{BB2D5A8C-BFD1-496E-A5EB-55825744D67D}.Debug|Any CPU.ActiveCfg = Debug|Any CPU
		{BB2D5A8C-BFD1-496E-A5EB-55825744D67D}.Debug|Any CPU.Build.0 = Debug|Any CPU
		{BB2D5A8C-BFD1-496E-A5EB-55825744D67D}.Release|Any CPU.ActiveCfg = Release|Any CPU
		{BB2D5A8C-BFD1-496E-A5EB-55825744D67D}.Release|Any CPU.Build.0 = Release|Any CPU
		{5743821B-2C32-4149-A01A-655908D22A0F}.Debug|Any CPU.ActiveCfg = Debug|Any CPU
		{5743821B-2C32-4149-A01A-655908D22A0F}.Debug|Any CPU.Build.0 = Debug|Any CPU
		{5743821B-2C32-4149-A01A-655908D22A0F}.Release|Any CPU.ActiveCfg = Release|Any CPU
		{5743821B-2C32-4149-A01A-655908D22A0F}.Release|Any CPU.Build.0 = Release|Any CPU
		{D1649CDB-B321-4577-BBF7-99F6E08B3604}.Debug|Any CPU.ActiveCfg = Debug|Any CPU
		{D1649CDB-B321-4577-BBF7-99F6E08B3604}.Debug|Any CPU.Build.0 = Debug|Any CPU
		{D1649CDB-B321-4577-BBF7-99F6E08B3604}.Release|Any CPU.ActiveCfg = Release|Any CPU
		{D1649CDB-B321-4577-BBF7-99F6E08B3604}.Release|Any CPU.Build.0 = Release|Any CPU
		{FEDA9747-DC91-4BB1-9BDA-E5AA1C302A85}.Debug|Any CPU.ActiveCfg = Debug|Any CPU
		{FEDA9747-DC91-4BB1-9BDA-E5AA1C302A85}.Debug|Any CPU.Build.0 = Debug|Any CPU
		{FEDA9747-DC91-4BB1-9BDA-E5AA1C302A85}.Release|Any CPU.ActiveCfg = Release|Any CPU
		{FEDA9747-DC91-4BB1-9BDA-E5AA1C302A85}.Release|Any CPU.Build.0 = Release|Any CPU
		{33506D31-C52D-46E6-B396-F596B81DA862}.Debug|Any CPU.ActiveCfg = Debug|Any CPU
		{33506D31-C52D-46E6-B396-F596B81DA862}.Debug|Any CPU.Build.0 = Debug|Any CPU
		{33506D31-C52D-46E6-B396-F596B81DA862}.Release|Any CPU.ActiveCfg = Release|Any CPU
		{33506D31-C52D-46E6-B396-F596B81DA862}.Release|Any CPU.Build.0 = Release|Any CPU
		{F78306B4-11CC-4347-B26A-29C9057F7F5A}.Debug|Any CPU.ActiveCfg = Debug|Any CPU
		{F78306B4-11CC-4347-B26A-29C9057F7F5A}.Debug|Any CPU.Build.0 = Debug|Any CPU
		{F78306B4-11CC-4347-B26A-29C9057F7F5A}.Release|Any CPU.ActiveCfg = Release|Any CPU
		{F78306B4-11CC-4347-B26A-29C9057F7F5A}.Release|Any CPU.Build.0 = Release|Any CPU
		{A16ADB5F-4DAE-4F9A-A8A0-699E67592275}.Debug|Any CPU.ActiveCfg = Debug|Any CPU
		{A16ADB5F-4DAE-4F9A-A8A0-699E67592275}.Debug|Any CPU.Build.0 = Debug|Any CPU
		{A16ADB5F-4DAE-4F9A-A8A0-699E67592275}.Release|Any CPU.ActiveCfg = Release|Any CPU
		{A16ADB5F-4DAE-4F9A-A8A0-699E67592275}.Release|Any CPU.Build.0 = Release|Any CPU
		{DB4833F3-514E-43F3-914B-26D01720EF24}.Debug|Any CPU.ActiveCfg = Debug|Any CPU
		{DB4833F3-514E-43F3-914B-26D01720EF24}.Debug|Any CPU.Build.0 = Debug|Any CPU
		{DB4833F3-514E-43F3-914B-26D01720EF24}.Release|Any CPU.ActiveCfg = Release|Any CPU
		{DB4833F3-514E-43F3-914B-26D01720EF24}.Release|Any CPU.Build.0 = Release|Any CPU
		{EAC76BF7-6B68-4A51-9FFE-5DF73DEE4307}.Debug|Any CPU.ActiveCfg = Debug|Any CPU
		{EAC76BF7-6B68-4A51-9FFE-5DF73DEE4307}.Debug|Any CPU.Build.0 = Debug|Any CPU
		{EAC76BF7-6B68-4A51-9FFE-5DF73DEE4307}.Release|Any CPU.ActiveCfg = Release|Any CPU
		{EAC76BF7-6B68-4A51-9FFE-5DF73DEE4307}.Release|Any CPU.Build.0 = Release|Any CPU
		{E3B6574B-4445-42D1-BF2F-3D66EF186E82}.Debug|Any CPU.ActiveCfg = Debug|Any CPU
		{E3B6574B-4445-42D1-BF2F-3D66EF186E82}.Debug|Any CPU.Build.0 = Debug|Any CPU
		{E3B6574B-4445-42D1-BF2F-3D66EF186E82}.Release|Any CPU.ActiveCfg = Release|Any CPU
		{E3B6574B-4445-42D1-BF2F-3D66EF186E82}.Release|Any CPU.Build.0 = Release|Any CPU
		{253C44B2-F882-4088-9133-78227842F159}.Debug|Any CPU.ActiveCfg = Debug|Any CPU
		{253C44B2-F882-4088-9133-78227842F159}.Debug|Any CPU.Build.0 = Debug|Any CPU
		{253C44B2-F882-4088-9133-78227842F159}.Release|Any CPU.ActiveCfg = Release|Any CPU
		{253C44B2-F882-4088-9133-78227842F159}.Release|Any CPU.Build.0 = Release|Any CPU
		{B2585136-E476-4E12-B900-BA1A4F47C558}.Debug|Any CPU.ActiveCfg = Debug|Any CPU
		{B2585136-E476-4E12-B900-BA1A4F47C558}.Debug|Any CPU.Build.0 = Debug|Any CPU
		{B2585136-E476-4E12-B900-BA1A4F47C558}.Release|Any CPU.ActiveCfg = Release|Any CPU
		{B2585136-E476-4E12-B900-BA1A4F47C558}.Release|Any CPU.Build.0 = Release|Any CPU
		{AA597E3E-CA6D-49D0-BC91-2D69BE898D2F}.Debug|Any CPU.ActiveCfg = Debug|Any CPU
		{AA597E3E-CA6D-49D0-BC91-2D69BE898D2F}.Debug|Any CPU.Build.0 = Debug|Any CPU
		{AA597E3E-CA6D-49D0-BC91-2D69BE898D2F}.Release|Any CPU.ActiveCfg = Release|Any CPU
		{AA597E3E-CA6D-49D0-BC91-2D69BE898D2F}.Release|Any CPU.Build.0 = Release|Any CPU
		{A84F7BFE-2981-4304-8C8D-5F0A875B098C}.Debug|Any CPU.ActiveCfg = Debug|Any CPU
		{A84F7BFE-2981-4304-8C8D-5F0A875B098C}.Debug|Any CPU.Build.0 = Debug|Any CPU
		{A84F7BFE-2981-4304-8C8D-5F0A875B098C}.Release|Any CPU.ActiveCfg = Release|Any CPU
		{A84F7BFE-2981-4304-8C8D-5F0A875B098C}.Release|Any CPU.Build.0 = Release|Any CPU
		{F00A0E11-EEC3-4F95-A7A9-2910C70C2655}.Debug|Any CPU.ActiveCfg = Debug|Any CPU
		{F00A0E11-EEC3-4F95-A7A9-2910C70C2655}.Debug|Any CPU.Build.0 = Debug|Any CPU
		{F00A0E11-EEC3-4F95-A7A9-2910C70C2655}.Release|Any CPU.ActiveCfg = Release|Any CPU
		{F00A0E11-EEC3-4F95-A7A9-2910C70C2655}.Release|Any CPU.Build.0 = Release|Any CPU
		{052FB5E0-3064-4CCE-A7A1-7BA21248E55C}.Debug|Any CPU.ActiveCfg = Debug|Any CPU
		{052FB5E0-3064-4CCE-A7A1-7BA21248E55C}.Debug|Any CPU.Build.0 = Debug|Any CPU
		{052FB5E0-3064-4CCE-A7A1-7BA21248E55C}.Release|Any CPU.ActiveCfg = Release|Any CPU
		{052FB5E0-3064-4CCE-A7A1-7BA21248E55C}.Release|Any CPU.Build.0 = Release|Any CPU
		{16C7DC39-B7B4-4C8A-91B5-2DAD8085E9AF}.Debug|Any CPU.ActiveCfg = Debug|Any CPU
		{16C7DC39-B7B4-4C8A-91B5-2DAD8085E9AF}.Debug|Any CPU.Build.0 = Debug|Any CPU
		{16C7DC39-B7B4-4C8A-91B5-2DAD8085E9AF}.Release|Any CPU.ActiveCfg = Release|Any CPU
		{16C7DC39-B7B4-4C8A-91B5-2DAD8085E9AF}.Release|Any CPU.Build.0 = Release|Any CPU
		{BF502AA0-8677-4516-B419-2AB02535D289}.Debug|Any CPU.ActiveCfg = Debug|Any CPU
		{BF502AA0-8677-4516-B419-2AB02535D289}.Debug|Any CPU.Build.0 = Debug|Any CPU
		{BF502AA0-8677-4516-B419-2AB02535D289}.Release|Any CPU.ActiveCfg = Release|Any CPU
		{BF502AA0-8677-4516-B419-2AB02535D289}.Release|Any CPU.Build.0 = Release|Any CPU
		{169E53B9-B552-49E9-B576-7305C1B1EA63}.Debug|Any CPU.ActiveCfg = Debug|Any CPU
		{169E53B9-B552-49E9-B576-7305C1B1EA63}.Debug|Any CPU.Build.0 = Debug|Any CPU
		{169E53B9-B552-49E9-B576-7305C1B1EA63}.Release|Any CPU.ActiveCfg = Release|Any CPU
		{169E53B9-B552-49E9-B576-7305C1B1EA63}.Release|Any CPU.Build.0 = Release|Any CPU
		{CE3D9228-6CFE-465E-85D7-F62231D397E4}.Debug|Any CPU.ActiveCfg = Debug|Any CPU
		{CE3D9228-6CFE-465E-85D7-F62231D397E4}.Debug|Any CPU.Build.0 = Debug|Any CPU
		{CE3D9228-6CFE-465E-85D7-F62231D397E4}.Release|Any CPU.ActiveCfg = Release|Any CPU
		{CE3D9228-6CFE-465E-85D7-F62231D397E4}.Release|Any CPU.Build.0 = Release|Any CPU
		{B1A057D5-2D65-4F29-BCA0-CDCF557EE8C4}.Debug|Any CPU.ActiveCfg = Debug|Any CPU
		{B1A057D5-2D65-4F29-BCA0-CDCF557EE8C4}.Debug|Any CPU.Build.0 = Debug|Any CPU
		{B1A057D5-2D65-4F29-BCA0-CDCF557EE8C4}.Release|Any CPU.ActiveCfg = Release|Any CPU
		{B1A057D5-2D65-4F29-BCA0-CDCF557EE8C4}.Release|Any CPU.Build.0 = Release|Any CPU
		{4E2C6551-92C7-412F-AAD4-AF9820F90FFF}.Debug|Any CPU.ActiveCfg = Debug|Any CPU
		{4E2C6551-92C7-412F-AAD4-AF9820F90FFF}.Debug|Any CPU.Build.0 = Debug|Any CPU
		{4E2C6551-92C7-412F-AAD4-AF9820F90FFF}.Release|Any CPU.ActiveCfg = Release|Any CPU
		{4E2C6551-92C7-412F-AAD4-AF9820F90FFF}.Release|Any CPU.Build.0 = Release|Any CPU
		{2AFDBDBA-1AA7-4847-B7AC-14C9C8A6E00D}.Debug|Any CPU.ActiveCfg = Debug|Any CPU
		{2AFDBDBA-1AA7-4847-B7AC-14C9C8A6E00D}.Debug|Any CPU.Build.0 = Debug|Any CPU
		{2AFDBDBA-1AA7-4847-B7AC-14C9C8A6E00D}.Release|Any CPU.ActiveCfg = Release|Any CPU
		{2AFDBDBA-1AA7-4847-B7AC-14C9C8A6E00D}.Release|Any CPU.Build.0 = Release|Any CPU
		{FD1B3A4D-7699-420A-BCF6-67D315EDC439}.Debug|Any CPU.ActiveCfg = Debug|Any CPU
		{FD1B3A4D-7699-420A-BCF6-67D315EDC439}.Debug|Any CPU.Build.0 = Debug|Any CPU
		{FD1B3A4D-7699-420A-BCF6-67D315EDC439}.Release|Any CPU.ActiveCfg = Release|Any CPU
		{FD1B3A4D-7699-420A-BCF6-67D315EDC439}.Release|Any CPU.Build.0 = Release|Any CPU
		{6E627206-84B6-4D61-B78D-B579E28EB156}.Debug|Any CPU.ActiveCfg = Debug|Any CPU
		{6E627206-84B6-4D61-B78D-B579E28EB156}.Debug|Any CPU.Build.0 = Debug|Any CPU
		{6E627206-84B6-4D61-B78D-B579E28EB156}.Release|Any CPU.ActiveCfg = Release|Any CPU
		{6E627206-84B6-4D61-B78D-B579E28EB156}.Release|Any CPU.Build.0 = Release|Any CPU
		{AAFFB5D0-55BC-47C1-B3D4-0FD46A7B9C96}.Debug|Any CPU.ActiveCfg = Debug|Any CPU
		{AAFFB5D0-55BC-47C1-B3D4-0FD46A7B9C96}.Debug|Any CPU.Build.0 = Debug|Any CPU
		{AAFFB5D0-55BC-47C1-B3D4-0FD46A7B9C96}.Release|Any CPU.ActiveCfg = Release|Any CPU
		{AAFFB5D0-55BC-47C1-B3D4-0FD46A7B9C96}.Release|Any CPU.Build.0 = Release|Any CPU
		{282156A9-BD50-4F33-AF5E-9F155FE3B1D1}.Debug|Any CPU.ActiveCfg = Debug|Any CPU
		{282156A9-BD50-4F33-AF5E-9F155FE3B1D1}.Debug|Any CPU.Build.0 = Debug|Any CPU
		{282156A9-BD50-4F33-AF5E-9F155FE3B1D1}.Release|Any CPU.ActiveCfg = Release|Any CPU
		{282156A9-BD50-4F33-AF5E-9F155FE3B1D1}.Release|Any CPU.Build.0 = Release|Any CPU
		{3C5DEED3-A18E-4036-9DC3-9708AA16BF36}.Debug|Any CPU.ActiveCfg = Debug|Any CPU
		{3C5DEED3-A18E-4036-9DC3-9708AA16BF36}.Debug|Any CPU.Build.0 = Debug|Any CPU
		{3C5DEED3-A18E-4036-9DC3-9708AA16BF36}.Release|Any CPU.ActiveCfg = Release|Any CPU
		{3C5DEED3-A18E-4036-9DC3-9708AA16BF36}.Release|Any CPU.Build.0 = Release|Any CPU
		{30B22302-6BAB-4B42-AAB8-814851CB85CE}.Debug|Any CPU.ActiveCfg = Debug|Any CPU
		{30B22302-6BAB-4B42-AAB8-814851CB85CE}.Debug|Any CPU.Build.0 = Debug|Any CPU
		{30B22302-6BAB-4B42-AAB8-814851CB85CE}.Release|Any CPU.ActiveCfg = Release|Any CPU
		{30B22302-6BAB-4B42-AAB8-814851CB85CE}.Release|Any CPU.Build.0 = Release|Any CPU
		{4353D120-E5D9-49C1-9974-3912997C086F}.Debug|Any CPU.ActiveCfg = Debug|Any CPU
		{4353D120-E5D9-49C1-9974-3912997C086F}.Debug|Any CPU.Build.0 = Debug|Any CPU
		{4353D120-E5D9-49C1-9974-3912997C086F}.Release|Any CPU.ActiveCfg = Release|Any CPU
		{4353D120-E5D9-49C1-9974-3912997C086F}.Release|Any CPU.Build.0 = Release|Any CPU
		{39BCCA54-94B2-4E35-8480-A67720C252A7}.Debug|Any CPU.ActiveCfg = Debug|Any CPU
		{39BCCA54-94B2-4E35-8480-A67720C252A7}.Debug|Any CPU.Build.0 = Debug|Any CPU
		{39BCCA54-94B2-4E35-8480-A67720C252A7}.Release|Any CPU.ActiveCfg = Release|Any CPU
		{39BCCA54-94B2-4E35-8480-A67720C252A7}.Release|Any CPU.Build.0 = Release|Any CPU
		{B871A4E6-4013-4F66-8F04-E2FDDB673952}.Debug|Any CPU.ActiveCfg = Debug|Any CPU
		{B871A4E6-4013-4F66-8F04-E2FDDB673952}.Debug|Any CPU.Build.0 = Debug|Any CPU
		{B871A4E6-4013-4F66-8F04-E2FDDB673952}.Release|Any CPU.ActiveCfg = Release|Any CPU
		{B871A4E6-4013-4F66-8F04-E2FDDB673952}.Release|Any CPU.Build.0 = Release|Any CPU
		{27A55359-9484-4D4F-B52E-B9FEC4EB90A4}.Debug|Any CPU.ActiveCfg = Debug|Any CPU
		{27A55359-9484-4D4F-B52E-B9FEC4EB90A4}.Debug|Any CPU.Build.0 = Debug|Any CPU
		{27A55359-9484-4D4F-B52E-B9FEC4EB90A4}.Release|Any CPU.ActiveCfg = Release|Any CPU
		{27A55359-9484-4D4F-B52E-B9FEC4EB90A4}.Release|Any CPU.Build.0 = Release|Any CPU
		{7CDD244D-CA3D-4EEB-93DF-30D87BF00A8C}.Debug|Any CPU.ActiveCfg = Debug|Any CPU
		{7CDD244D-CA3D-4EEB-93DF-30D87BF00A8C}.Debug|Any CPU.Build.0 = Debug|Any CPU
		{7CDD244D-CA3D-4EEB-93DF-30D87BF00A8C}.Release|Any CPU.ActiveCfg = Release|Any CPU
		{7CDD244D-CA3D-4EEB-93DF-30D87BF00A8C}.Release|Any CPU.Build.0 = Release|Any CPU
	EndGlobalSection
	GlobalSection(SolutionProperties) = preSolution
		HideSolutionNode = FALSE
	EndGlobalSection
	GlobalSection(NestedProjects) = preSolution
		{67F62D73-818F-4EF8-853A-E8BBDC4159B5} = {43336DC8-4C9E-4E76-959F-480F32606F96}
		{8B5B5B7E-869F-466F-AB18-B0F0E3BE69EB} = {902524AD-7C4D-46E4-95F2-8F5D805AF9DA}
		{C9A8F857-A8AB-4411-855D-DF23F16ABC74} = {902524AD-7C4D-46E4-95F2-8F5D805AF9DA}
		{AD763220-BA44-4251-96CC-85D99121D501} = {902524AD-7C4D-46E4-95F2-8F5D805AF9DA}
		{96D08835-5FC2-48C0-8FBC-B76F2966CC4E} = {902524AD-7C4D-46E4-95F2-8F5D805AF9DA}
		{87684408-344E-4F7F-B8A8-86D185DBB6DD} = {902524AD-7C4D-46E4-95F2-8F5D805AF9DA}
		{52FD8B0B-FEE0-47D9-9F68-023527A5C7E7} = {0ECD2730-2934-4082-AC78-76116637D24C}
		{E8C13CC9-6171-4C73-8E62-B073F97C4C58} = {0ECD2730-2934-4082-AC78-76116637D24C}
		{449CAF10-2855-42D3-9AA7-096EC002FC1D} = {0ECD2730-2934-4082-AC78-76116637D24C}
		{4B6C9F83-E232-4C7D-BC46-FF57FE9D4835} = {0ECD2730-2934-4082-AC78-76116637D24C}
		{A6510304-A6EB-4E79-B8B3-156210D9B981} = {0ECD2730-2934-4082-AC78-76116637D24C}
		{DF2DC947-71E9-4726-AEEB-8E45083CB90A} = {0ECD2730-2934-4082-AC78-76116637D24C}
		{B62505FB-0218-4F60-93DB-EE108DD52817} = {0ECD2730-2934-4082-AC78-76116637D24C}
		{D045CEA1-F330-4247-B936-CF0804B3798C} = {AF3FB5E0-FF18-44F5-B5D9-114A140D4781}
		{EB4A1A14-6D28-404C-B059-1CE70E5BCE8B} = {AF3FB5E0-FF18-44F5-B5D9-114A140D4781}
		{426D79E7-66B5-4F49-B977-3F23851EA7D1} = {AF3FB5E0-FF18-44F5-B5D9-114A140D4781}
		{A0A10A4F-030C-4840-AF5A-F18419C9360B} = {AF3FB5E0-FF18-44F5-B5D9-114A140D4781}
		{D69B2316-1C39-4D09-AC48-5008CD400BF6} = {AF3FB5E0-FF18-44F5-B5D9-114A140D4781}
		{3AE1C758-07E5-4863-93AE-70E329A88C18} = {AF3FB5E0-FF18-44F5-B5D9-114A140D4781}
		{FFC9DE1F-9D8F-4942-BC92-BB3ED392982D} = {AF3FB5E0-FF18-44F5-B5D9-114A140D4781}
		{15601245-4C18-47FD-BA4E-791F5F7DA700} = {AF3FB5E0-FF18-44F5-B5D9-114A140D4781}
		{5FE0ADC9-EDA3-430B-A59F-57A1DF659B14} = {AF3FB5E0-FF18-44F5-B5D9-114A140D4781}
		{E6CAEFCD-F691-4C0C-8BF6-AB8901ADCAAD} = {AF3FB5E0-FF18-44F5-B5D9-114A140D4781}
		{0FB3B00A-9F8C-4F98-9BF1-06CFCAB1EB1D} = {AF3FB5E0-FF18-44F5-B5D9-114A140D4781}
		{0C5722DC-57B1-480E-9838-3F1E67498791} = {4EBDC0CE-4958-41F8-92FF-B8406B0B3A3E}
		{1415D9DB-0DB5-4D45-942B-853CCE5F6044} = {4EBDC0CE-4958-41F8-92FF-B8406B0B3A3E}
		{307E1CD1-9465-49E8-8BEC-B7779A642A60} = {4EBDC0CE-4958-41F8-92FF-B8406B0B3A3E}
		{D04DC3F1-4B5D-4A33-A92F-8E834AE0F247} = {4EBDC0CE-4958-41F8-92FF-B8406B0B3A3E}
		{6B1EF9B8-CA60-46CF-BA6F-7C03C1CBF422} = {4EBDC0CE-4958-41F8-92FF-B8406B0B3A3E}
		{F55CEAE6-A0FF-401B-9574-C2C8D965A37D} = {4EBDC0CE-4958-41F8-92FF-B8406B0B3A3E}
		{BB2D5A8C-BFD1-496E-A5EB-55825744D67D} = {4EBDC0CE-4958-41F8-92FF-B8406B0B3A3E}
		{5743821B-2C32-4149-A01A-655908D22A0F} = {4EBDC0CE-4958-41F8-92FF-B8406B0B3A3E}
		{D1649CDB-B321-4577-BBF7-99F6E08B3604} = {4EBDC0CE-4958-41F8-92FF-B8406B0B3A3E}
		{FEDA9747-DC91-4BB1-9BDA-E5AA1C302A85} = {4EBDC0CE-4958-41F8-92FF-B8406B0B3A3E}
		{33506D31-C52D-46E6-B396-F596B81DA862} = {4EBDC0CE-4958-41F8-92FF-B8406B0B3A3E}
		{F78306B4-11CC-4347-B26A-29C9057F7F5A} = {3C4FE439-E29B-4B58-B82B-6F3811EF2651}
		{A16ADB5F-4DAE-4F9A-A8A0-699E67592275} = {3C4FE439-E29B-4B58-B82B-6F3811EF2651}
		{DB4833F3-514E-43F3-914B-26D01720EF24} = {3C4FE439-E29B-4B58-B82B-6F3811EF2651}
		{EAC76BF7-6B68-4A51-9FFE-5DF73DEE4307} = {3C4FE439-E29B-4B58-B82B-6F3811EF2651}
		{E3B6574B-4445-42D1-BF2F-3D66EF186E82} = {3C4FE439-E29B-4B58-B82B-6F3811EF2651}
		{253C44B2-F882-4088-9133-78227842F159} = {3C4FE439-E29B-4B58-B82B-6F3811EF2651}
		{B2585136-E476-4E12-B900-BA1A4F47C558} = {3C4FE439-E29B-4B58-B82B-6F3811EF2651}
		{AA597E3E-CA6D-49D0-BC91-2D69BE898D2F} = {3C4FE439-E29B-4B58-B82B-6F3811EF2651}
		{A84F7BFE-2981-4304-8C8D-5F0A875B098C} = {3C4FE439-E29B-4B58-B82B-6F3811EF2651}
		{F00A0E11-EEC3-4F95-A7A9-2910C70C2655} = {3C4FE439-E29B-4B58-B82B-6F3811EF2651}
		{052FB5E0-3064-4CCE-A7A1-7BA21248E55C} = {3C4FE439-E29B-4B58-B82B-6F3811EF2651}
		{16C7DC39-B7B4-4C8A-91B5-2DAD8085E9AF} = {3C4FE439-E29B-4B58-B82B-6F3811EF2651}
		{BF502AA0-8677-4516-B419-2AB02535D289} = {3C4FE439-E29B-4B58-B82B-6F3811EF2651}
		{169E53B9-B552-49E9-B576-7305C1B1EA63} = {3C4FE439-E29B-4B58-B82B-6F3811EF2651}
		{CE3D9228-6CFE-465E-85D7-F62231D397E4} = {3C4FE439-E29B-4B58-B82B-6F3811EF2651}
		{B1A057D5-2D65-4F29-BCA0-CDCF557EE8C4} = {69ECB31C-2BA8-42CA-A6C7-7A28FDF5FAC8}
		{4E2C6551-92C7-412F-AAD4-AF9820F90FFF} = {69ECB31C-2BA8-42CA-A6C7-7A28FDF5FAC8}
		{2AFDBDBA-1AA7-4847-B7AC-14C9C8A6E00D} = {69ECB31C-2BA8-42CA-A6C7-7A28FDF5FAC8}
		{FD1B3A4D-7699-420A-BCF6-67D315EDC439} = {8E43A0A9-FE65-439A-8BE5-D55DC3A00716}
		{6E627206-84B6-4D61-B78D-B579E28EB156} = {8E43A0A9-FE65-439A-8BE5-D55DC3A00716}
		{AAFFB5D0-55BC-47C1-B3D4-0FD46A7B9C96} = {8E43A0A9-FE65-439A-8BE5-D55DC3A00716}
		{282156A9-BD50-4F33-AF5E-9F155FE3B1D1} = {8E43A0A9-FE65-439A-8BE5-D55DC3A00716}
		{3C5DEED3-A18E-4036-9DC3-9708AA16BF36} = {8E43A0A9-FE65-439A-8BE5-D55DC3A00716}
		{30B22302-6BAB-4B42-AAB8-814851CB85CE} = {8E43A0A9-FE65-439A-8BE5-D55DC3A00716}
		{4353D120-E5D9-49C1-9974-3912997C086F} = {8E43A0A9-FE65-439A-8BE5-D55DC3A00716}
		{39BCCA54-94B2-4E35-8480-A67720C252A7} = {8E43A0A9-FE65-439A-8BE5-D55DC3A00716}
		{B871A4E6-4013-4F66-8F04-E2FDDB673952} = {8E43A0A9-FE65-439A-8BE5-D55DC3A00716}
		{27A55359-9484-4D4F-B52E-B9FEC4EB90A4} = {8E43A0A9-FE65-439A-8BE5-D55DC3A00716}
		{7CDD244D-CA3D-4EEB-93DF-30D87BF00A8C} = {69ECB31C-2BA8-42CA-A6C7-7A28FDF5FAC8}
	EndGlobalSection
	GlobalSection(ExtensibilityGlobals) = postSolution
		SolutionGuid = {A471A559-144F-4CCA-9FC2-1A4DC7971E3C}
	EndGlobalSection
EndGlobal
